
Microsoft Visual Studio Solution File, Format Version 12.00
# Visual Studio 16
Project("{FAE04EC0-301F-11D3-BF4B-00C04F79EFBC}") = "Assembly-CSharp-firstpass", "Assembly-CSharp-firstpass.csproj", "{F19E9C47-30D4-3A6C-2FD5-F91D8EA022FF}"
EndProject
Project("{FAE04EC0-301F-11D3-BF4B-00C04F79EFBC}") = "Assembly-CSharp", "Assembly-CSharp.csproj", "{127B7B8E-FEFE-F4E2-494C-8DFDAF6EE35A}"
EndProject
Project("{FAE04EC0-301F-11D3-BF4B-00C04F79EFBC}") = "Assembly-CSharp-Editor-firstpass", "Assembly-CSharp-Editor-firstpass.csproj", "{A11B88E8-E2F0-52C6-5D71-E162E6A3C480}"
EndProject
Global
	GlobalSection(SolutionConfigurationPlatforms) = preSolution
		Debug|Any CPU = Debug|Any CPU
		Release|Any CPU = Release|Any CPU
	EndGlobalSection
	GlobalSection(ProjectConfigurationPlatforms) = postSolution
		{F19E9C47-30D4-3A6C-2FD5-F91D8EA022FF}.Debug|Any CPU.ActiveCfg = Debug|Any CPU
		{F19E9C47-30D4-3A6C-2FD5-F91D8EA022FF}.Debug|Any CPU.Build.0 = Debug|Any CPU
		{F19E9C47-30D4-3A6C-2FD5-F91D8EA022FF}.Release|Any CPU.ActiveCfg = Release|Any CPU
		{F19E9C47-30D4-3A6C-2FD5-F91D8EA022FF}.Release|Any CPU.Build.0 = Release|Any CPU
		{127B7B8E-FEFE-F4E2-494C-8DFDAF6EE35A}.Debug|Any CPU.ActiveCfg = Debug|Any CPU
		{127B7B8E-FEFE-F4E2-494C-8DFDAF6EE35A}.Debug|Any CPU.Build.0 = Debug|Any CPU
		{127B7B8E-FEFE-F4E2-494C-8DFDAF6EE35A}.Release|Any CPU.ActiveCfg = Release|Any CPU
		{127B7B8E-FEFE-F4E2-494C-8DFDAF6EE35A}.Release|Any CPU.Build.0 = Release|Any CPU
		{A11B88E8-E2F0-52C6-5D71-E162E6A3C480}.Debug|Any CPU.ActiveCfg = Debug|Any CPU
		{A11B88E8-E2F0-52C6-5D71-E162E6A3C480}.Debug|Any CPU.Build.0 = Debug|Any CPU
		{A11B88E8-E2F0-52C6-5D71-E162E6A3C480}.Release|Any CPU.ActiveCfg = Release|Any CPU
		{A11B88E8-E2F0-52C6-5D71-E162E6A3C480}.Release|Any CPU.Build.0 = Release|Any CPU
	EndGlobalSection
	GlobalSection(SolutionProperties) = preSolution
		HideSolutionNode = FALSE
	EndGlobalSection
EndGlobal
